
Microsoft Visual Studio Solution File, Format Version 12.00
# Visual Studio 15
VisualStudioVersion = 15.0.28307.271
MinimumVisualStudioVersion = 10.0.40219.1
Project("{FAE04EC0-301F-11D3-BF4B-00C04F79EFBC}") = "VCS_winform", "VCS_winform\VCS_winform.csproj", "{5BC5A498-8136-4EF5-A53B-578E935538D6}"
EndProject
Project("{9A19103F-16F7-4668-BE54-9A1E7A4F7556}") = "HSJ", "HSJ\HSJ.csproj", "{CF30EAB8-1684-4CA7-A00B-724C12E074D3}"
EndProject
Global
	GlobalSection(SolutionConfigurationPlatforms) = preSolution
		Debug|Any CPU = Debug|Any CPU
		Release|Any CPU = Release|Any CPU
	EndGlobalSection
	GlobalSection(ProjectConfigurationPlatforms) = postSolution
		{5BC5A498-8136-4EF5-A53B-578E935538D6}.Debug|Any CPU.ActiveCfg = Debug|Any CPU
		{5BC5A498-8136-4EF5-A53B-578E935538D6}.Debug|Any CPU.Build.0 = Debug|Any CPU
		{5BC5A498-8136-4EF5-A53B-578E935538D6}.Release|Any CPU.ActiveCfg = Release|Any CPU
		{5BC5A498-8136-4EF5-A53B-578E935538D6}.Release|Any CPU.Build.0 = Release|Any CPU
		{CF30EAB8-1684-4CA7-A00B-724C12E074D3}.Debug|Any CPU.ActiveCfg = Debug|Any CPU
		{CF30EAB8-1684-4CA7-A00B-724C12E074D3}.Debug|Any CPU.Build.0 = Debug|Any CPU
		{CF30EAB8-1684-4CA7-A00B-724C12E074D3}.Release|Any CPU.ActiveCfg = Release|Any CPU
		{CF30EAB8-1684-4CA7-A00B-724C12E074D3}.Release|Any CPU.Build.0 = Release|Any CPU
	EndGlobalSection
	GlobalSection(SolutionProperties) = preSolution
		HideSolutionNode = FALSE
	EndGlobalSection
	GlobalSection(ExtensibilityGlobals) = postSolution
		SolutionGuid = {76A67939-8F10-41EF-BF95-3CB72A5E3EC3}
	EndGlobalSection
EndGlobal
